
Microsoft Visual Studio Solution File, Format Version 12.00
# Visual Studio Version 17
VisualStudioVersion = 17.0.32014.148
MinimumVisualStudioVersion = 10.0.40219.1
Project("{FAE04EC0-301F-11D3-BF4B-00C04F79EFBC}") = "BTLWEBBANHANG", "BTLWEBBANHANG\BTLWEBBANHANG.csproj", "{F19DD792-077D-4B31-A355-19E31C706327}"
EndProject
Global
	GlobalSection(SolutionConfigurationPlatforms) = preSolution
		Debug|Any CPU = Debug|Any CPU
		Release|Any CPU = Release|Any CPU
	EndGlobalSection
	GlobalSection(ProjectConfigurationPlatforms) = postSolution
		{F19DD792-077D-4B31-A355-19E31C706327}.Debug|Any CPU.ActiveCfg = Debug|Any CPU
		{F19DD792-077D-4B31-A355-19E31C706327}.Debug|Any CPU.Build.0 = Debug|Any CPU
		{F19DD792-077D-4B31-A355-19E31C706327}.Release|Any CPU.ActiveCfg = Release|Any CPU
		{F19DD792-077D-4B31-A355-19E31C706327}.Release|Any CPU.Build.0 = Release|Any CPU
	EndGlobalSection
	GlobalSection(SolutionProperties) = preSolution
		HideSolutionNode = FALSE
	EndGlobalSection
	GlobalSection(ExtensibilityGlobals) = postSolution
		SolutionGuid = {A5AD448E-CB1C-41BE-ADA4-17F5DD91B930}
	EndGlobalSection
EndGlobal
